
Microsoft Visual Studio Solution File, Format Version 12.00
# Visual Studio Version 16
VisualStudioVersion = 16.0.28803.156
MinimumVisualStudioVersion = 10.0.40219.1
Project("{FAE04EC0-301F-11D3-BF4B-00C04F79EFBC}") = "IEPlugin", "IEPlugin\IEPlugin.csproj", "{566F10D5-F467-402F-81A3-0F13252B95E7}"
EndProject
Project("{54435603-DBB4-11D2-8724-00A0C9A8B90C}") = "IEPluginSetup", "IEPluginSetup\IEPluginSetup.vdproj", "{4A0B29EA-E74C-4237-8486-E08FE298F4D3}"
EndProject
Global
	GlobalSection(SolutionConfigurationPlatforms) = preSolution
		Debug|Any CPU = Debug|Any CPU
		Release|Any CPU = Release|Any CPU
	EndGlobalSection
	GlobalSection(ProjectConfigurationPlatforms) = postSolution
		{566F10D5-F467-402F-81A3-0F13252B95E7}.Debug|Any CPU.ActiveCfg = Debug|Any CPU
		{566F10D5-F467-402F-81A3-0F13252B95E7}.Debug|Any CPU.Build.0 = Debug|Any CPU
		{566F10D5-F467-402F-81A3-0F13252B95E7}.Release|Any CPU.ActiveCfg = Release|Any CPU
		{566F10D5-F467-402F-81A3-0F13252B95E7}.Release|Any CPU.Build.0 = Release|Any CPU
		{4A0B29EA-E74C-4237-8486-E08FE298F4D3}.Debug|Any CPU.ActiveCfg = Debug
		{4A0B29EA-E74C-4237-8486-E08FE298F4D3}.Release|Any CPU.ActiveCfg = Release
	EndGlobalSection
	GlobalSection(SolutionProperties) = preSolution
		HideSolutionNode = FALSE
	EndGlobalSection
	GlobalSection(ExtensibilityGlobals) = postSolution
		SolutionGuid = {FE62A36F-91F4-495C-B632-A26EFEB3C0E8}
	EndGlobalSection
EndGlobal
